
Microsoft Visual Studio Solution File, Format Version 12.00
# Visual Studio 15
VisualStudioVersion = 15.0.27428.2037
MinimumVisualStudioVersion = 10.0.40219.1
Project("{8BC9CEB8-8B4A-11D0-8D11-00A0C91BC942}") = "For three numbers (VS 2017)", "For three numbers (VS 2017)\For three numbers (VS 2017).vcxproj", "{50422AA5-ACEC-41AD-8183-4DE7C329B0EE}"
EndProject
Global
	GlobalSection(SolutionConfigurationPlatforms) = preSolution
		Debug|x64 = Debug|x64
		Debug|x86 = Debug|x86
		Release|x64 = Release|x64
		Release|x86 = Release|x86
	EndGlobalSection
	GlobalSection(ProjectConfigurationPlatforms) = postSolution
		{50422AA5-ACEC-41AD-8183-4DE7C329B0EE}.Debug|x64.ActiveCfg = Debug|x64
		{50422AA5-ACEC-41AD-8183-4DE7C329B0EE}.Debug|x64.Build.0 = Debug|x64
		{50422AA5-ACEC-41AD-8183-4DE7C329B0EE}.Debug|x86.ActiveCfg = Debug|Win32
		{50422AA5-ACEC-41AD-8183-4DE7C329B0EE}.Debug|x86.Build.0 = Debug|Win32
		{50422AA5-ACEC-41AD-8183-4DE7C329B0EE}.Release|x64.ActiveCfg = Release|x64
		{50422AA5-ACEC-41AD-8183-4DE7C329B0EE}.Release|x64.Build.0 = Release|x64
		{50422AA5-ACEC-41AD-8183-4DE7C329B0EE}.Release|x86.ActiveCfg = Release|Win32
		{50422AA5-ACEC-41AD-8183-4DE7C329B0EE}.Release|x86.Build.0 = Release|Win32
	EndGlobalSection
	GlobalSection(SolutionProperties) = preSolution
		HideSolutionNode = FALSE
	EndGlobalSection
	GlobalSection(ExtensibilityGlobals) = postSolution
		SolutionGuid = {713029E0-A03F-4469-8CB7-3BAA4B469BD7}
	EndGlobalSection
EndGlobal
